
Microsoft Visual Studio Solution File, Format Version 12.00
# Visual Studio 15
VisualStudioVersion = 15.0.26124.0
MinimumVisualStudioVersion = 15.0.26124.0
Project("{FAE04EC0-301F-11D3-BF4B-00C04F79EFBC}") = "DS.Common", "DS.Common\DS.Common.csproj", "{D8AA6DE0-A23E-4FC8-A187-56EE03EC2DBB}"
EndProject
Project("{FAE04EC0-301F-11D3-BF4B-00C04F79EFBC}") = "DS.Repository", "DS.Repository\DS.Repository.csproj", "{FEC10A9B-8FC4-45A6-B365-F2702C4A64F4}"
EndProject
Project("{FAE04EC0-301F-11D3-BF4B-00C04F79EFBC}") = "DS.Services", "DS.Services\DS.Services.csproj", "{1FBA8DC6-B3A7-433E-B7C6-229179D37FE0}"
EndProject
Project("{FAE04EC0-301F-11D3-BF4B-00C04F79EFBC}") = "DS.Webapi", "DS.Webapi\DS.Webapi.csproj", "{AD26FE0B-8E6B-430B-BE27-DFE10BB59784}"
EndProject
Global
	GlobalSection(SolutionConfigurationPlatforms) = preSolution
		Debug|Any CPU = Debug|Any CPU
		Debug|x64 = Debug|x64
		Debug|x86 = Debug|x86
		Release|Any CPU = Release|Any CPU
		Release|x64 = Release|x64
		Release|x86 = Release|x86
	EndGlobalSection
	GlobalSection(SolutionProperties) = preSolution
		HideSolutionNode = FALSE
	EndGlobalSection
	GlobalSection(ProjectConfigurationPlatforms) = postSolution
		{D8AA6DE0-A23E-4FC8-A187-56EE03EC2DBB}.Debug|Any CPU.ActiveCfg = Debug|Any CPU
		{D8AA6DE0-A23E-4FC8-A187-56EE03EC2DBB}.Debug|Any CPU.Build.0 = Debug|Any CPU
		{D8AA6DE0-A23E-4FC8-A187-56EE03EC2DBB}.Debug|x64.ActiveCfg = Debug|Any CPU
		{D8AA6DE0-A23E-4FC8-A187-56EE03EC2DBB}.Debug|x64.Build.0 = Debug|Any CPU
		{D8AA6DE0-A23E-4FC8-A187-56EE03EC2DBB}.Debug|x86.ActiveCfg = Debug|Any CPU
		{D8AA6DE0-A23E-4FC8-A187-56EE03EC2DBB}.Debug|x86.Build.0 = Debug|Any CPU
		{D8AA6DE0-A23E-4FC8-A187-56EE03EC2DBB}.Release|Any CPU.ActiveCfg = Release|Any CPU
		{D8AA6DE0-A23E-4FC8-A187-56EE03EC2DBB}.Release|Any CPU.Build.0 = Release|Any CPU
		{D8AA6DE0-A23E-4FC8-A187-56EE03EC2DBB}.Release|x64.ActiveCfg = Release|Any CPU
		{D8AA6DE0-A23E-4FC8-A187-56EE03EC2DBB}.Release|x64.Build.0 = Release|Any CPU
		{D8AA6DE0-A23E-4FC8-A187-56EE03EC2DBB}.Release|x86.ActiveCfg = Release|Any CPU
		{D8AA6DE0-A23E-4FC8-A187-56EE03EC2DBB}.Release|x86.Build.0 = Release|Any CPU
		{FEC10A9B-8FC4-45A6-B365-F2702C4A64F4}.Debug|Any CPU.ActiveCfg = Debug|Any CPU
		{FEC10A9B-8FC4-45A6-B365-F2702C4A64F4}.Debug|Any CPU.Build.0 = Debug|Any CPU
		{FEC10A9B-8FC4-45A6-B365-F2702C4A64F4}.Debug|x64.ActiveCfg = Debug|Any CPU
		{FEC10A9B-8FC4-45A6-B365-F2702C4A64F4}.Debug|x64.Build.0 = Debug|Any CPU
		{FEC10A9B-8FC4-45A6-B365-F2702C4A64F4}.Debug|x86.ActiveCfg = Debug|Any CPU
		{FEC10A9B-8FC4-45A6-B365-F2702C4A64F4}.Debug|x86.Build.0 = Debug|Any CPU
		{FEC10A9B-8FC4-45A6-B365-F2702C4A64F4}.Release|Any CPU.ActiveCfg = Release|Any CPU
		{FEC10A9B-8FC4-45A6-B365-F2702C4A64F4}.Release|Any CPU.Build.0 = Release|Any CPU
		{FEC10A9B-8FC4-45A6-B365-F2702C4A64F4}.Release|x64.ActiveCfg = Release|Any CPU
		{FEC10A9B-8FC4-45A6-B365-F2702C4A64F4}.Release|x64.Build.0 = Release|Any CPU
		{FEC10A9B-8FC4-45A6-B365-F2702C4A64F4}.Release|x86.ActiveCfg = Release|Any CPU
		{FEC10A9B-8FC4-45A6-B365-F2702C4A64F4}.Release|x86.Build.0 = Release|Any CPU
		{1FBA8DC6-B3A7-433E-B7C6-229179D37FE0}.Debug|Any CPU.ActiveCfg = Debug|Any CPU
		{1FBA8DC6-B3A7-433E-B7C6-229179D37FE0}.Debug|Any CPU.Build.0 = Debug|Any CPU
		{1FBA8DC6-B3A7-433E-B7C6-229179D37FE0}.Debug|x64.ActiveCfg = Debug|Any CPU
		{1FBA8DC6-B3A7-433E-B7C6-229179D37FE0}.Debug|x64.Build.0 = Debug|Any CPU
		{1FBA8DC6-B3A7-433E-B7C6-229179D37FE0}.Debug|x86.ActiveCfg = Debug|Any CPU
		{1FBA8DC6-B3A7-433E-B7C6-229179D37FE0}.Debug|x86.Build.0 = Debug|Any CPU
		{1FBA8DC6-B3A7-433E-B7C6-229179D37FE0}.Release|Any CPU.ActiveCfg = Release|Any CPU
		{1FBA8DC6-B3A7-433E-B7C6-229179D37FE0}.Release|Any CPU.Build.0 = Release|Any CPU
		{1FBA8DC6-B3A7-433E-B7C6-229179D37FE0}.Release|x64.ActiveCfg = Release|Any CPU
		{1FBA8DC6-B3A7-433E-B7C6-229179D37FE0}.Release|x64.Build.0 = Release|Any CPU
		{1FBA8DC6-B3A7-433E-B7C6-229179D37FE0}.Release|x86.ActiveCfg = Release|Any CPU
		{1FBA8DC6-B3A7-433E-B7C6-229179D37FE0}.Release|x86.Build.0 = Release|Any CPU
		{AD26FE0B-8E6B-430B-BE27-DFE10BB59784}.Debug|Any CPU.ActiveCfg = Debug|Any CPU
		{AD26FE0B-8E6B-430B-BE27-DFE10BB59784}.Debug|Any CPU.Build.0 = Debug|Any CPU
		{AD26FE0B-8E6B-430B-BE27-DFE10BB59784}.Debug|x64.ActiveCfg = Debug|Any CPU
		{AD26FE0B-8E6B-430B-BE27-DFE10BB59784}.Debug|x64.Build.0 = Debug|Any CPU
		{AD26FE0B-8E6B-430B-BE27-DFE10BB59784}.Debug|x86.ActiveCfg = Debug|Any CPU
		{AD26FE0B-8E6B-430B-BE27-DFE10BB59784}.Debug|x86.Build.0 = Debug|Any CPU
		{AD26FE0B-8E6B-430B-BE27-DFE10BB59784}.Release|Any CPU.ActiveCfg = Release|Any CPU
		{AD26FE0B-8E6B-430B-BE27-DFE10BB59784}.Release|Any CPU.Build.0 = Release|Any CPU
		{AD26FE0B-8E6B-430B-BE27-DFE10BB59784}.Release|x64.ActiveCfg = Release|Any CPU
		{AD26FE0B-8E6B-430B-BE27-DFE10BB59784}.Release|x64.Build.0 = Release|Any CPU
		{AD26FE0B-8E6B-430B-BE27-DFE10BB59784}.Release|x86.ActiveCfg = Release|Any CPU
		{AD26FE0B-8E6B-430B-BE27-DFE10BB59784}.Release|x86.Build.0 = Release|Any CPU
	EndGlobalSection
EndGlobal
